// !$*UTF8*$!
{
	archiveVersion = 1;
	classes = {
	};
	objectVersion = 51;
	objects = {

/* Begin PBXBuildFile section */
		002A01F225C2F03300279387 /* RiotAPI.swift in Sources */ = {isa = PBXBuildFile; fileRef = 002A01F125C2F03300279387 /* RiotAPI.swift */; };
		004B953825C277540034C425 /* AppDelegate.swift in Sources */ = {isa = PBXBuildFile; fileRef = 004B953725C277540034C425 /* AppDelegate.swift */; };
		004B953A25C277540034C425 /* SceneDelegate.swift in Sources */ = {isa = PBXBuildFile; fileRef = 004B953925C277540034C425 /* SceneDelegate.swift */; };
		004B953C25C277540034C425 /* MainViewController.swift in Sources */ = {isa = PBXBuildFile; fileRef = 004B953B25C277540034C425 /* MainViewController.swift */; };
		004B953F25C277540034C425 /* Main.storyboard in Resources */ = {isa = PBXBuildFile; fileRef = 004B953D25C277540034C425 /* Main.storyboard */; };
		004B954125C277570034C425 /* Assets.xcassets in Resources */ = {isa = PBXBuildFile; fileRef = 004B954025C277570034C425 /* Assets.xcassets */; };
		004B954425C277570034C425 /* LaunchScreen.storyboard in Resources */ = {isa = PBXBuildFile; fileRef = 004B954225C277570034C425 /* LaunchScreen.storyboard */; };
		004B954D25C278BF0034C425 /* MyPageViewController.swift in Sources */ = {isa = PBXBuildFile; fileRef = 004B954C25C278BF0034C425 /* MyPageViewController.swift */; };
		004B955225C27CCE0034C425 /* SearchResultCell.swift in Sources */ = {isa = PBXBuildFile; fileRef = 004B955025C27CCE0034C425 /* SearchResultCell.swift */; };
		004B955325C27CCE0034C425 /* SearchResultCell.xib in Resources */ = {isa = PBXBuildFile; fileRef = 004B955125C27CCE0034C425 /* SearchResultCell.xib */; };
		004B955F25C2DC2A0034C425 /* NexonAPI.swift in Sources */ = {isa = PBXBuildFile; fileRef = 004B955E25C2DC2A0034C425 /* NexonAPI.swift */; };
		004B956225C2DDC60034C425 /* APIs.swift in Sources */ = {isa = PBXBuildFile; fileRef = 004B956125C2DDC60034C425 /* APIs.swift */; };
		008F639D25C5AB66001F837D /* Extensions.swift in Sources */ = {isa = PBXBuildFile; fileRef = 008F639C25C5AB66001F837D /* Extensions.swift */; };
		008F63A025C5AC6B001F837D /* Networks.swift in Sources */ = {isa = PBXBuildFile; fileRef = 008F639F25C5AC6B001F837D /* Networks.swift */; };
		00F98B7C25C3296F001D6B78 /* Response.swift in Sources */ = {isa = PBXBuildFile; fileRef = 00F98B7B25C3296F001D6B78 /* Response.swift */; };
		00F98B7F25C5578B001D6B78 /* CodeableStructs.swift in Sources */ = {isa = PBXBuildFile; fileRef = 00F98B7E25C5578B001D6B78 /* CodeableStructs.swift */; };
		00F98BAB25C59892001D6B78 /* SearchHistoryCell.swift in Sources */ = {isa = PBXBuildFile; fileRef = 00F98BA925C59892001D6B78 /* SearchHistoryCell.swift */; };
		00F98BAC25C59892001D6B78 /* SearchHistoryCell.xib in Resources */ = {isa = PBXBuildFile; fileRef = 00F98BAA25C59892001D6B78 /* SearchHistoryCell.xib */; };
		C898688AEEC201CE98B43E17 /* Pods_GameNicknameChecker.framework in Frameworks */ = {isa = PBXBuildFile; fileRef = 4263B0AEC0A8BD716CE81652 /* Pods_GameNicknameChecker.framework */; };
/* End PBXBuildFile section */

/* Begin PBXFileReference section */
		002A01F125C2F03300279387 /* RiotAPI.swift */ = {isa = PBXFileReference; lastKnownFileType = sourcecode.swift; path = RiotAPI.swift; sourceTree = "<group>"; };
		004B953425C277540034C425 /* GameNicknameChecker.app */ = {isa = PBXFileReference; explicitFileType = wrapper.application; includeInIndex = 0; path = GameNicknameChecker.app; sourceTree = BUILT_PRODUCTS_DIR; };
		004B953725C277540034C425 /* AppDelegate.swift */ = {isa = PBXFileReference; lastKnownFileType = sourcecode.swift; path = AppDelegate.swift; sourceTree = "<group>"; };
		004B953925C277540034C425 /* SceneDelegate.swift */ = {isa = PBXFileReference; lastKnownFileType = sourcecode.swift; path = SceneDelegate.swift; sourceTree = "<group>"; };
		004B953B25C277540034C425 /* MainViewController.swift */ = {isa = PBXFileReference; lastKnownFileType = sourcecode.swift; path = MainViewController.swift; sourceTree = "<group>"; };
		004B953E25C277540034C425 /* Base */ = {isa = PBXFileReference; lastKnownFileType = file.storyboard; name = Base; path = Base.lproj/Main.storyboard; sourceTree = "<group>"; };
		004B954025C277570034C425 /* Assets.xcassets */ = {isa = PBXFileReference; lastKnownFileType = folder.assetcatalog; path = Assets.xcassets; sourceTree = "<group>"; };
		004B954325C277570034C425 /* Base */ = {isa = PBXFileReference; lastKnownFileType = file.storyboard; name = Base; path = Base.lproj/LaunchScreen.storyboard; sourceTree = "<group>"; };
		004B954525C277570034C425 /* Info.plist */ = {isa = PBXFileReference; lastKnownFileType = text.plist.xml; path = Info.plist; sourceTree = "<group>"; };
		004B954C25C278BF0034C425 /* MyPageViewController.swift */ = {isa = PBXFileReference; lastKnownFileType = sourcecode.swift; path = MyPageViewController.swift; sourceTree = "<group>"; };
		004B955025C27CCE0034C425 /* SearchResultCell.swift */ = {isa = PBXFileReference; lastKnownFileType = sourcecode.swift; path = SearchResultCell.swift; sourceTree = "<group>"; };
		004B955125C27CCE0034C425 /* SearchResultCell.xib */ = {isa = PBXFileReference; lastKnownFileType = file.xib; path = SearchResultCell.xib; sourceTree = "<group>"; };
		004B955E25C2DC2A0034C425 /* NexonAPI.swift */ = {isa = PBXFileReference; lastKnownFileType = sourcecode.swift; path = NexonAPI.swift; sourceTree = "<group>"; };
		004B956125C2DDC60034C425 /* APIs.swift */ = {isa = PBXFileReference; lastKnownFileType = sourcecode.swift; path = APIs.swift; sourceTree = "<group>"; };
		008F639C25C5AB66001F837D /* Extensions.swift */ = {isa = PBXFileReference; lastKnownFileType = sourcecode.swift; path = Extensions.swift; sourceTree = "<group>"; };
		008F639F25C5AC6B001F837D /* Networks.swift */ = {isa = PBXFileReference; lastKnownFileType = sourcecode.swift; path = Networks.swift; sourceTree = "<group>"; };
		00F98B7B25C3296F001D6B78 /* Response.swift */ = {isa = PBXFileReference; lastKnownFileType = sourcecode.swift; path = Response.swift; sourceTree = "<group>"; };
		00F98B7E25C5578B001D6B78 /* CodeableStructs.swift */ = {isa = PBXFileReference; lastKnownFileType = sourcecode.swift; path = CodeableStructs.swift; sourceTree = "<group>"; };
		00F98BA925C59892001D6B78 /* SearchHistoryCell.swift */ = {isa = PBXFileReference; lastKnownFileType = sourcecode.swift; path = SearchHistoryCell.swift; sourceTree = "<group>"; };
		00F98BAA25C59892001D6B78 /* SearchHistoryCell.xib */ = {isa = PBXFileReference; lastKnownFileType = file.xib; path = SearchHistoryCell.xib; sourceTree = "<group>"; };
		20A302332967BCB14D0ECC49 /* Pods-GameNicknameChecker.release.xcconfig */ = {isa = PBXFileReference; includeInIndex = 1; lastKnownFileType = text.xcconfig; name = "Pods-GameNicknameChecker.release.xcconfig"; path = "Target Support Files/Pods-GameNicknameChecker/Pods-GameNicknameChecker.release.xcconfig"; sourceTree = "<group>"; };
		4263B0AEC0A8BD716CE81652 /* Pods_GameNicknameChecker.framework */ = {isa = PBXFileReference; explicitFileType = wrapper.framework; includeInIndex = 0; path = Pods_GameNicknameChecker.framework; sourceTree = BUILT_PRODUCTS_DIR; };
		D9CFD519A048ED28CA45D5B2 /* Pods-GameNicknameChecker.debug.xcconfig */ = {isa = PBXFileReference; includeInIndex = 1; lastKnownFileType = text.xcconfig; name = "Pods-GameNicknameChecker.debug.xcconfig"; path = "Target Support Files/Pods-GameNicknameChecker/Pods-GameNicknameChecker.debug.xcconfig"; sourceTree = "<group>"; };
/* End PBXFileReference section */

/* Begin PBXFrameworksBuildPhase section */
		004B953125C277540034C425 /* Frameworks */ = {
			isa = PBXFrameworksBuildPhase;
			buildActionMask = 2147483647;
			files = (
				C898688AEEC201CE98B43E17 /* Pods_GameNicknameChecker.framework in Frameworks */,
			);
			runOnlyForDeploymentPostprocessing = 0;
		};
/* End PBXFrameworksBuildPhase section */

/* Begin PBXGroup section */
		004B952B25C277540034C425 = {
			isa = PBXGroup;
			children = (
				004B953625C277540034C425 /* GameNicknameChecker */,
				004B953525C277540034C425 /* Products */,
				262D94F3486B1C6CE669368D /* Pods */,
				D2C5E9A4ECA04C3F1C8BB41A /* Frameworks */,
			);
			sourceTree = "<group>";
		};
		004B953525C277540034C425 /* Products */ = {
			isa = PBXGroup;
			children = (
				004B953425C277540034C425 /* GameNicknameChecker.app */,
			);
			name = Products;
			sourceTree = "<group>";
		};
		004B953625C277540034C425 /* GameNicknameChecker */ = {
			isa = PBXGroup;
			children = (
				004B953725C277540034C425 /* AppDelegate.swift */,
				004B953925C277540034C425 /* SceneDelegate.swift */,
				004B954025C277570034C425 /* Assets.xcassets */,
				004B954525C277570034C425 /* Info.plist */,
				004B955B25C2DB5D0034C425 /* Model */,
				004B955C25C2DB630034C425 /* View */,
				004B955D25C2DB6A0034C425 /* Controller */,
			);
			path = GameNicknameChecker;
			sourceTree = "<group>";
		};
		004B955B25C2DB5D0034C425 /* Model */ = {
			isa = PBXGroup;
			children = (
				004B955E25C2DC2A0034C425 /* NexonAPI.swift */,
				004B956125C2DDC60034C425 /* APIs.swift */,
				002A01F125C2F03300279387 /* RiotAPI.swift */,
				00F98B7B25C3296F001D6B78 /* Response.swift */,
				00F98B7E25C5578B001D6B78 /* CodeableStructs.swift */,
				008F639C25C5AB66001F837D /* Extensions.swift */,
				008F639F25C5AC6B001F837D /* Networks.swift */,
			);
			path = Model;
			sourceTree = "<group>";
		};
		004B955C25C2DB630034C425 /* View */ = {
			isa = PBXGroup;
			children = (
				004B955025C27CCE0034C425 /* SearchResultCell.swift */,
				004B955125C27CCE0034C425 /* SearchResultCell.xib */,
				004B953D25C277540034C425 /* Main.storyboard */,
				004B954225C277570034C425 /* LaunchScreen.storyboard */,
				00F98BA925C59892001D6B78 /* SearchHistoryCell.swift */,
				00F98BAA25C59892001D6B78 /* SearchHistoryCell.xib */,
			);
			path = View;
			sourceTree = "<group>";
		};
		004B955D25C2DB6A0034C425 /* Controller */ = {
			isa = PBXGroup;
			children = (
				004B953B25C277540034C425 /* MainViewController.swift */,
				004B954C25C278BF0034C425 /* MyPageViewController.swift */,
			);
			path = Controller;
			sourceTree = "<group>";
		};
		262D94F3486B1C6CE669368D /* Pods */ = {
			isa = PBXGroup;
			children = (
				D9CFD519A048ED28CA45D5B2 /* Pods-GameNicknameChecker.debug.xcconfig */,
				20A302332967BCB14D0ECC49 /* Pods-GameNicknameChecker.release.xcconfig */,
			);
			path = Pods;
			sourceTree = "<group>";
		};
		D2C5E9A4ECA04C3F1C8BB41A /* Frameworks */ = {
			isa = PBXGroup;
			children = (
				4263B0AEC0A8BD716CE81652 /* Pods_GameNicknameChecker.framework */,
			);
			name = Frameworks;
			sourceTree = "<group>";
		};
/* End PBXGroup section */

/* Begin PBXNativeTarget section */
		004B953325C277540034C425 /* GameNicknameChecker */ = {
			isa = PBXNativeTarget;
			buildConfigurationList = 004B954825C277570034C425 /* Build configuration list for PBXNativeTarget "GameNicknameChecker" */;
			buildPhases = (
				A36D714A4CAF444E4E791931 /* [CP] Check Pods Manifest.lock */,
				004B953025C277540034C425 /* Sources */,
				004B953125C277540034C425 /* Frameworks */,
				004B953225C277540034C425 /* Resources */,
				543683C3F9C3EE1DD176AF6A /* [CP] Embed Pods Frameworks */,
			);
			buildRules = (
			);
			dependencies = (
			);
			name = GameNicknameChecker;
			productName = GameNicknameChecker;
			productReference = 004B953425C277540034C425 /* GameNicknameChecker.app */;
			productType = "com.apple.product-type.application";
		};
/* End PBXNativeTarget section */

/* Begin PBXProject section */
		004B952C25C277540034C425 /* Project object */ = {
			isa = PBXProject;
			attributes = {
				LastSwiftUpdateCheck = 1230;
				LastUpgradeCheck = 1230;
				TargetAttributes = {
					004B953325C277540034C425 = {
						CreatedOnToolsVersion = 12.3;
					};
				};
			};
			buildConfigurationList = 004B952F25C277540034C425 /* Build configuration list for PBXProject "GameNicknameChecker" */;
			compatibilityVersion = "Xcode 9.3";
			developmentRegion = en;
			hasScannedForEncodings = 0;
			knownRegions = (
				en,
				Base,
			);
			mainGroup = 004B952B25C277540034C425;
			productRefGroup = 004B953525C277540034C425 /* Products */;
			projectDirPath = "";
			projectRoot = "";
			targets = (
				004B953325C277540034C425 /* GameNicknameChecker */,
			);
		};
/* End PBXProject section */

/* Begin PBXResourcesBuildPhase section */
		004B953225C277540034C425 /* Resources */ = {
			isa = PBXResourcesBuildPhase;
			buildActionMask = 2147483647;
			files = (
				00F98BAC25C59892001D6B78 /* SearchHistoryCell.xib in Resources */,
				004B954425C277570034C425 /* LaunchScreen.storyboard in Resources */,
				004B954125C277570034C425 /* Assets.xcassets in Resources */,
				004B955325C27CCE0034C425 /* SearchResultCell.xib in Resources */,
				004B953F25C277540034C425 /* Main.storyboard in Resources */,
			);
			runOnlyForDeploymentPostprocessing = 0;
		};
/* End PBXResourcesBuildPhase section */

/* Begin PBXShellScriptBuildPhase section */
		543683C3F9C3EE1DD176AF6A /* [CP] Embed Pods Frameworks */ = {
			isa = PBXShellScriptBuildPhase;
			buildActionMask = 2147483647;
			files = (
			);
			inputFileListPaths = (
				"${PODS_ROOT}/Target Support Files/Pods-GameNicknameChecker/Pods-GameNicknameChecker-frameworks-${CONFIGURATION}-input-files.xcfilelist",
			);
			name = "[CP] Embed Pods Frameworks";
			outputFileListPaths = (
				"${PODS_ROOT}/Target Support Files/Pods-GameNicknameChecker/Pods-GameNicknameChecker-frameworks-${CONFIGURATION}-output-files.xcfilelist",
			);
			runOnlyForDeploymentPostprocessing = 0;
			shellPath = /bin/sh;
			shellScript = "\"${PODS_ROOT}/Target Support Files/Pods-GameNicknameChecker/Pods-GameNicknameChecker-frameworks.sh\"\n";
			showEnvVarsInLog = 0;
		};
		A36D714A4CAF444E4E791931 /* [CP] Check Pods Manifest.lock */ = {
			isa = PBXShellScriptBuildPhase;
			buildActionMask = 2147483647;
			files = (
			);
			inputFileListPaths = (
			);
			inputPaths = (
				"${PODS_PODFILE_DIR_PATH}/Podfile.lock",
				"${PODS_ROOT}/Manifest.lock",
			);
			name = "[CP] Check Pods Manifest.lock";
			outputFileListPaths = (
			);
			outputPaths = (
				"$(DERIVED_FILE_DIR)/Pods-GameNicknameChecker-checkManifestLockResult.txt",
			);
			runOnlyForDeploymentPostprocessing = 0;
			shellPath = /bin/sh;
			shellScript = "diff \"${PODS_PODFILE_DIR_PATH}/Podfile.lock\" \"${PODS_ROOT}/Manifest.lock\" > /dev/null\nif [ $? != 0 ] ; then\n    # print error to STDERR\n    echo \"error: The sandbox is not in sync with the Podfile.lock. Run 'pod install' or update your CocoaPods installation.\" >&2\n    exit 1\nfi\n# This output is used by Xcode 'outputs' to avoid re-running this script phase.\necho \"SUCCESS\" > \"${SCRIPT_OUTPUT_FILE_0}\"\n";
			showEnvVarsInLog = 0;
		};
/* End PBXShellScriptBuildPhase section */

/* Begin PBXSourcesBuildPhase section */
		004B953025C277540034C425 /* Sources */ = {
			isa = PBXSourcesBuildPhase;
			buildActionMask = 2147483647;
			files = (
				002A01F225C2F03300279387 /* RiotAPI.swift in Sources */,
				004B953C25C277540034C425 /* MainViewController.swift in Sources */,
				00F98B7F25C5578B001D6B78 /* CodeableStructs.swift in Sources */,
				004B956225C2DDC60034C425 /* APIs.swift in Sources */,
				004B955F25C2DC2A0034C425 /* NexonAPI.swift in Sources */,
				00F98B7C25C3296F001D6B78 /* Response.swift in Sources */,
				004B953825C277540034C425 /* AppDelegate.swift in Sources */,
				008F639D25C5AB66001F837D /* Extensions.swift in Sources */,
				004B953A25C277540034C425 /* SceneDelegate.swift in Sources */,
				004B954D25C278BF0034C425 /* MyPageViewController.swift in Sources */,
				008F63A025C5AC6B001F837D /* Networks.swift in Sources */,
				00F98BAB25C59892001D6B78 /* SearchHistoryCell.swift in Sources */,
				004B955225C27CCE0034C425 /* SearchResultCell.swift in Sources */,
			);
			runOnlyForDeploymentPostprocessing = 0;
		};
/* End PBXSourcesBuildPhase section */

/* Begin PBXVariantGroup section */
		004B953D25C277540034C425 /* Main.storyboard */ = {
			isa = PBXVariantGroup;
			children = (
				004B953E25C277540034C425 /* Base */,
			);
			name = Main.storyboard;
			sourceTree = "<group>";
		};
		004B954225C277570034C425 /* LaunchScreen.storyboard */ = {
			isa = PBXVariantGroup;
			children = (
				004B954325C277570034C425 /* Base */,
			);
			name = LaunchScreen.storyboard;
			sourceTree = "<group>";
		};
/* End PBXVariantGroup section */

/* Begin XCBuildConfiguration section */
		004B954625C277570034C425 /* Debug */ = {
			isa = XCBuildConfiguration;
			buildSettings = {
				ALWAYS_SEARCH_USER_PATHS = NO;
				CLANG_ANALYZER_NONNULL = YES;
				CLANG_ANALYZER_NUMBER_OBJECT_CONVERSION = YES_AGGRESSIVE;
				CLANG_CXX_LANGUAGE_STANDARD = "gnu++14";
				CLANG_CXX_LIBRARY = "libc++";
				CLANG_ENABLE_MODULES = YES;
				CLANG_ENABLE_OBJC_ARC = YES;
				CLANG_ENABLE_OBJC_WEAK = YES;
				CLANG_WARN_BLOCK_CAPTURE_AUTORELEASING = YES;
				CLANG_WARN_BOOL_CONVERSION = YES;
				CLANG_WARN_COMMA = YES;
				CLANG_WARN_CONSTANT_CONVERSION = YES;
				CLANG_WARN_DEPRECATED_OBJC_IMPLEMENTATIONS = YES;
				CLANG_WARN_DIRECT_OBJC_ISA_USAGE = YES_ERROR;
				CLANG_WARN_DOCUMENTATION_COMMENTS = YES;
				CLANG_WARN_EMPTY_BODY = YES;
				CLANG_WARN_ENUM_CONVERSION = YES;
				CLANG_WARN_INFINITE_RECURSION = YES;
				CLANG_WARN_INT_CONVERSION = YES;
				CLANG_WARN_NON_LITERAL_NULL_CONVERSION = YES;
				CLANG_WARN_OBJC_IMPLICIT_RETAIN_SELF = YES;
				CLANG_WARN_OBJC_LITERAL_CONVERSION = YES;
				CLANG_WARN_OBJC_ROOT_CLASS = YES_ERROR;
				CLANG_WARN_QUOTED_INCLUDE_IN_FRAMEWORK_HEADER = YES;
				CLANG_WARN_RANGE_LOOP_ANALYSIS = YES;
				CLANG_WARN_STRICT_PROTOTYPES = YES;
				CLANG_WARN_SUSPICIOUS_MOVE = YES;
				CLANG_WARN_UNGUARDED_AVAILABILITY = YES_AGGRESSIVE;
				CLANG_WARN_UNREACHABLE_CODE = YES;
				CLANG_WARN__DUPLICATE_METHOD_MATCH = YES;
				COPY_PHASE_STRIP = NO;
				DEBUG_INFORMATION_FORMAT = dwarf;
				ENABLE_STRICT_OBJC_MSGSEND = YES;
				ENABLE_TESTABILITY = YES;
				GCC_C_LANGUAGE_STANDARD = gnu11;
				GCC_DYNAMIC_NO_PIC = NO;
				GCC_NO_COMMON_BLOCKS = YES;
				GCC_OPTIMIZATION_LEVEL = 0;
				GCC_PREPROCESSOR_DEFINITIONS = (
					"DEBUG=1",
					"$(inherited)",
				);
				GCC_WARN_64_TO_32_BIT_CONVERSION = YES;
				GCC_WARN_ABOUT_RETURN_TYPE = YES_ERROR;
				GCC_WARN_UNDECLARED_SELECTOR = YES;
				GCC_WARN_UNINITIALIZED_AUTOS = YES_AGGRESSIVE;
				GCC_WARN_UNUSED_FUNCTION = YES;
				GCC_WARN_UNUSED_VARIABLE = YES;
				IPHONEOS_DEPLOYMENT_TARGET = 14.3;
				MTL_ENABLE_DEBUG_INFO = INCLUDE_SOURCE;
				MTL_FAST_MATH = YES;
				ONLY_ACTIVE_ARCH = YES;
				SDKROOT = iphoneos;
				SWIFT_ACTIVE_COMPILATION_CONDITIONS = DEBUG;
				SWIFT_OPTIMIZATION_LEVEL = "-Onone";
			};
			name = Debug;
		};
		004B954725C277570034C425 /* Release */ = {
			isa = XCBuildConfiguration;
			buildSettings = {
				ALWAYS_SEARCH_USER_PATHS = NO;
				CLANG_ANALYZER_NONNULL = YES;
				CLANG_ANALYZER_NUMBER_OBJECT_CONVERSION = YES_AGGRESSIVE;
				CLANG_CXX_LANGUAGE_STANDARD = "gnu++14";
				CLANG_CXX_LIBRARY = "libc++";
				CLANG_ENABLE_MODULES = YES;
				CLANG_ENABLE_OBJC_ARC = YES;
				CLANG_ENABLE_OBJC_WEAK = YES;
				CLANG_WARN_BLOCK_CAPTURE_AUTORELEASING = YES;
				CLANG_WARN_BOOL_CONVERSION = YES;
				CLANG_WARN_COMMA = YES;
				CLANG_WARN_CONSTANT_CONVERSION = YES;
				CLANG_WARN_DEPRECATED_OBJC_IMPLEMENTATIONS = YES;
				CLANG_WARN_DIRECT_OBJC_ISA_USAGE = YES_ERROR;
				CLANG_WARN_DOCUMENTATION_COMMENTS = YES;
				CLANG_WARN_EMPTY_BODY = YES;
				CLANG_WARN_ENUM_CONVERSION = YES;
				CLANG_WARN_INFINITE_RECURSION = YES;
				CLANG_WARN_INT_CONVERSION = YES;
				CLANG_WARN_NON_LITERAL_NULL_CONVERSION = YES;
				CLANG_WARN_OBJC_IMPLICIT_RETAIN_SELF = YES;
				CLANG_WARN_OBJC_LITERAL_CONVERSION = YES;
				CLANG_WARN_OBJC_ROOT_CLASS = YES_ERROR;
				CLANG_WARN_QUOTED_INCLUDE_IN_FRAMEWORK_HEADER = YES;
				CLANG_WARN_RANGE_LOOP_ANALYSIS = YES;
				CLANG_WARN_STRICT_PROTOTYPES = YES;
				CLANG_WARN_SUSPICIOUS_MOVE = YES;
				CLANG_WARN_UNGUARDED_AVAILABILITY = YES_AGGRESSIVE;
				CLANG_WARN_UNREACHABLE_CODE = YES;
				CLANG_WARN__DUPLICATE_METHOD_MATCH = YES;
				COPY_PHASE_STRIP = NO;
				DEBUG_INFORMATION_FORMAT = "dwarf-with-dsym";
				ENABLE_NS_ASSERTIONS = NO;
				ENABLE_STRICT_OBJC_MSGSEND = YES;
				GCC_C_LANGUAGE_STANDARD = gnu11;
				GCC_NO_COMMON_BLOCKS = YES;
				GCC_WARN_64_TO_32_BIT_CONVERSION = YES;
				GCC_WARN_ABOUT_RETURN_TYPE = YES_ERROR;
				GCC_WARN_UNDECLARED_SELECTOR = YES;
				GCC_WARN_UNINITIALIZED_AUTOS = YES_AGGRESSIVE;
				GCC_WARN_UNUSED_FUNCTION = YES;
				GCC_WARN_UNUSED_VARIABLE = YES;
				IPHONEOS_DEPLOYMENT_TARGET = 14.3;
				MTL_ENABLE_DEBUG_INFO = NO;
				MTL_FAST_MATH = YES;
				SDKROOT = iphoneos;
				SWIFT_COMPILATION_MODE = wholemodule;
				SWIFT_OPTIMIZATION_LEVEL = "-O";
				VALIDATE_PRODUCT = YES;
			};
			name = Release;
		};
		004B954925C277570034C425 /* Debug */ = {
			isa = XCBuildConfiguration;
			baseConfigurationReference = D9CFD519A048ED28CA45D5B2 /* Pods-GameNicknameChecker.debug.xcconfig */;
			buildSettings = {
				ASSETCATALOG_COMPILER_APPICON_NAME = AppIcon;
				ASSETCATALOG_COMPILER_GLOBAL_ACCENT_COLOR_NAME = AccentColor;
				CODE_SIGN_STYLE = Automatic;
				DEVELOPMENT_TEAM = KQS5CL5P74;
				INFOPLIST_FILE = GameNicknameChecker/Info.plist;
				LD_RUNPATH_SEARCH_PATHS = (
					"$(inherited)",
					"@executable_path/Frameworks",
				);
				PRODUCT_BUNDLE_IDENTIFIER = com.studiofirstzero.GameNicknameChecker;
				PRODUCT_NAME = "$(TARGET_NAME)";
				SWIFT_VERSION = 5.0;
				TARGETED_DEVICE_FAMILY = "1,2";
			};
			name = Debug;
		};
		004B954A25C277570034C425 /* Release */ = {
			isa = XCBuildConfiguration;
			baseConfigurationReference = 20A302332967BCB14D0ECC49 /* Pods-GameNicknameChecker.release.xcconfig */;
			buildSettings = {
				ASSETCATALOG_COMPILER_APPICON_NAME = AppIcon;
				ASSETCATALOG_COMPILER_GLOBAL_ACCENT_COLOR_NAME = AccentColor;
				CODE_SIGN_STYLE = Automatic;
				DEVELOPMENT_TEAM = KQS5CL5P74;
				INFOPLIST_FILE = GameNicknameChecker/Info.plist;
				LD_RUNPATH_SEARCH_PATHS = (
					"$(inherited)",
					"@executable_path/Frameworks",
				);
				PRODUCT_BUNDLE_IDENTIFIER = com.studiofirstzero.GameNicknameChecker;
				PRODUCT_NAME = "$(TARGET_NAME)";
				SWIFT_VERSION = 5.0;
				TARGETED_DEVICE_FAMILY = "1,2";
			};
			name = Release;
		};
/* End XCBuildConfiguration section */

/* Begin XCConfigurationList section */
		004B952F25C277540034C425 /* Build configuration list for PBXProject "GameNicknameChecker" */ = {
			isa = XCConfigurationList;
			buildConfigurations = (
				004B954625C277570034C425 /* Debug */,
				004B954725C277570034C425 /* Release */,
			);
			defaultConfigurationIsVisible = 0;
			defaultConfigurationName = Release;
		};
		004B954825C277570034C425 /* Build configuration list for PBXNativeTarget "GameNicknameChecker" */ = {
			isa = XCConfigurationList;
			buildConfigurations = (
				004B954925C277570034C425 /* Debug */,
				004B954A25C277570034C425 /* Release */,
			);
			defaultConfigurationIsVisible = 0;
			defaultConfigurationName = Release;
		};
/* End XCConfigurationList section */
	};
	rootObject = 004B952C25C277540034C425 /* Project object */;
}
